
Microsoft Visual Studio Solution File, Format Version 12.00
# Visual Studio 2015
Project("{FAE04EC0-301F-11D3-BF4B-00C04F79EFBC}") = "TIAChroma.CSharp", "TIAChroma.CSharp.csproj", "{065BBD91-BC05-0404-10D7-485286E25259}"
EndProject
Project("{FAE04EC0-301F-11D3-BF4B-00C04F79EFBC}") = "TIAChroma.CSharp.Editor", "TIAChroma.CSharp.Editor.csproj", "{BB304DAE-C771-E191-6440-73E688A26E6D}"
EndProject
Global
	GlobalSection(SolutionConfigurationPlatforms) = preSolution
		Debug|Any CPU = Debug|Any CPU
		Release|Any CPU = Release|Any CPU
	EndGlobalSection
	GlobalSection(ProjectConfigurationPlatforms) = postSolution
		{065BBD91-BC05-0404-10D7-485286E25259}.Debug|Any CPU.ActiveCfg = Debug|Any CPU
		{065BBD91-BC05-0404-10D7-485286E25259}.Debug|Any CPU.Build.0 = Debug|Any CPU
		{065BBD91-BC05-0404-10D7-485286E25259}.Release|Any CPU.ActiveCfg = Release|Any CPU
		{065BBD91-BC05-0404-10D7-485286E25259}.Release|Any CPU.Build.0 = Release|Any CPU
		{BB304DAE-C771-E191-6440-73E688A26E6D}.Debug|Any CPU.ActiveCfg = Debug|Any CPU
		{BB304DAE-C771-E191-6440-73E688A26E6D}.Debug|Any CPU.Build.0 = Debug|Any CPU
		{BB304DAE-C771-E191-6440-73E688A26E6D}.Release|Any CPU.ActiveCfg = Release|Any CPU
		{BB304DAE-C771-E191-6440-73E688A26E6D}.Release|Any CPU.Build.0 = Release|Any CPU
	EndGlobalSection
	GlobalSection(SolutionProperties) = preSolution
		HideSolutionNode = FALSE
	EndGlobalSection
EndGlobal
