
Microsoft Visual Studio Solution File, Format Version 12.00
# Visual Studio 2015
Project("{FAE04EC0-301F-11D3-BF4B-00C04F79EFBC}") = "Chroma.CSharp.Plugins", "Chroma.CSharp.Plugins.csproj", "{6F9469BA-07E5-D41B-9BFC-1D45B1443EEB}"
EndProject
Global
	GlobalSection(SolutionConfigurationPlatforms) = preSolution
		Debug|Any CPU = Debug|Any CPU
		Release|Any CPU = Release|Any CPU
	EndGlobalSection
	GlobalSection(ProjectConfigurationPlatforms) = postSolution
		{6F9469BA-07E5-D41B-9BFC-1D45B1443EEB}.Debug|Any CPU.ActiveCfg = Debug|Any CPU
		{6F9469BA-07E5-D41B-9BFC-1D45B1443EEB}.Debug|Any CPU.Build.0 = Debug|Any CPU
		{6F9469BA-07E5-D41B-9BFC-1D45B1443EEB}.Release|Any CPU.ActiveCfg = Release|Any CPU
		{6F9469BA-07E5-D41B-9BFC-1D45B1443EEB}.Release|Any CPU.Build.0 = Release|Any CPU
	EndGlobalSection
	GlobalSection(SolutionProperties) = preSolution
		HideSolutionNode = FALSE
	EndGlobalSection
EndGlobal
